# Generated by pub
# See http://pub.dartlang.org/doc/glossary.html#lockfile
packages:
  analyzer_experimental:
    description: analyzer_experimental
    source: hosted
    version: "0.5.16"
  args:
    description: args
    source: hosted
    version: "0.5.16"
  browser:
    description: browser
    source: hosted
    version: "0.5.16"
  csslib:
    description: csslib
    source: hosted
    version: "0.4.7+6"
  html5lib:
    description: html5lib
    source: hosted
    version: "0.4.3"
  logging:
    description: logging
    source: hosted
    version: "0.5.16"
  meta:
    description: meta
    source: hosted
    version: "0.5.16"
  pathos:
    description: pathos
    source: hosted
    version: "0.5.16"
  source_maps:
    description: source_maps
    source: hosted
    version: "0.5.16"
  unittest:
    description: unittest
    source: hosted
    version: "0.5.16"
  web_ui:
    description: web_ui
    source: hosted
    version: "0.4.11+1"
  yaml:
    description: yaml
    source: hosted
    version: "0.5.16"
